// !$*UTF8*$!
{
	archiveVersion = 1;
	classes = {
	};
	objectVersion = 56;
	objects = {

/* Begin PBXBuildFile section */
		50EB86D02B9C2A1C00BC48B6 /* EveneApp.swift in Sources */ = {isa = PBXBuildFile; fileRef = 50EB86CF2B9C2A1C00BC48B6 /* EveneApp.swift */; };
		50EB86D22B9C2A1C00BC48B6 /* ContentView.swift in Sources */ = {isa = PBXBuildFile; fileRef = 50EB86D12B9C2A1C00BC48B6 /* ContentView.swift */; };
		50EB86D42B9C2A1E00BC48B6 /* Assets.xcassets in Resources */ = {isa = PBXBuildFile; fileRef = 50EB86D32B9C2A1E00BC48B6 /* Assets.xcassets */; };
		50EB86D72B9C2A1E00BC48B6 /* Preview Assets.xcassets in Resources */ = {isa = PBXBuildFile; fileRef = 50EB86D62B9C2A1E00BC48B6 /* Preview Assets.xcassets */; };
		50EB86E12B9C306800BC48B6 /* HomeScreen.swift in Sources */ = {isa = PBXBuildFile; fileRef = 50EB86E02B9C306800BC48B6 /* HomeScreen.swift */; };
		50EB86E32B9C309400BC48B6 /* EventDetailsScreen.swift in Sources */ = {isa = PBXBuildFile; fileRef = 50EB86E22B9C309400BC48B6 /* EventDetailsScreen.swift */; };
		50EB86E52B9C30B700BC48B6 /* LoginScreen.swift in Sources */ = {isa = PBXBuildFile; fileRef = 50EB86E42B9C30B700BC48B6 /* LoginScreen.swift */; };
		50EB86E72B9C30C800BC48B6 /* SignUpScreen.swift in Sources */ = {isa = PBXBuildFile; fileRef = 50EB86E62B9C30C800BC48B6 /* SignUpScreen.swift */; };
		50EB86E92B9C310200BC48B6 /* UserProfileScreen.swift in Sources */ = {isa = PBXBuildFile; fileRef = 50EB86E82B9C310200BC48B6 /* UserProfileScreen.swift */; };
		50EB86F12B9C335200BC48B6 /* MyFriendListScreen.swift in Sources */ = {isa = PBXBuildFile; fileRef = 50EB86F02B9C335200BC48B6 /* MyFriendListScreen.swift */; };
		50EB86F32B9C335F00BC48B6 /* MyEventsScreen.swift in Sources */ = {isa = PBXBuildFile; fileRef = 50EB86F22B9C335F00BC48B6 /* MyEventsScreen.swift */; };
		50EB86F52B9C38EE00BC48B6 /* AddFriendScreen.swift in Sources */ = {isa = PBXBuildFile; fileRef = 50EB86F42B9C38EE00BC48B6 /* AddFriendScreen.swift */; };
		50EB86F72B9C3BD600BC48B6 /* GoogleService-Info.plist in Resources */ = {isa = PBXBuildFile; fileRef = 50EB86F62B9C3BD600BC48B6 /* GoogleService-Info.plist */; };
		50EB87052B9C3D8000BC48B6 /* FirebaseAnalytics in Frameworks */ = {isa = PBXBuildFile; productRef = 50EB87042B9C3D8000BC48B6 /* FirebaseAnalytics */; };
		50EB87072B9C3D8000BC48B6 /* FirebaseAnalyticsOnDeviceConversion in Frameworks */ = {isa = PBXBuildFile; productRef = 50EB87062B9C3D8000BC48B6 /* FirebaseAnalyticsOnDeviceConversion */; };
		50EB87092B9C3D8000BC48B6 /* FirebaseAnalyticsSwift in Frameworks */ = {isa = PBXBuildFile; productRef = 50EB87082B9C3D8000BC48B6 /* FirebaseAnalyticsSwift */; };
		50EB870B2B9C3D8000BC48B6 /* FirebaseAnalyticsWithoutAdIdSupport in Frameworks */ = {isa = PBXBuildFile; productRef = 50EB870A2B9C3D8000BC48B6 /* FirebaseAnalyticsWithoutAdIdSupport */; };
		50EB870D2B9C3D8000BC48B6 /* FirebaseAppCheck in Frameworks */ = {isa = PBXBuildFile; productRef = 50EB870C2B9C3D8000BC48B6 /* FirebaseAppCheck */; };
		50EB870F2B9C3D8000BC48B6 /* FirebaseAppDistribution-Beta in Frameworks */ = {isa = PBXBuildFile; productRef = 50EB870E2B9C3D8000BC48B6 /* FirebaseAppDistribution-Beta */; };
		50EB87112B9C3D8000BC48B6 /* FirebaseAuth in Frameworks */ = {isa = PBXBuildFile; productRef = 50EB87102B9C3D8000BC48B6 /* FirebaseAuth */; };
		50EB87132B9C3D8000BC48B6 /* FirebaseAuthCombine-Community in Frameworks */ = {isa = PBXBuildFile; productRef = 50EB87122B9C3D8000BC48B6 /* FirebaseAuthCombine-Community */; };
		50EB87152B9C3D8000BC48B6 /* FirebaseCrashlytics in Frameworks */ = {isa = PBXBuildFile; productRef = 50EB87142B9C3D8000BC48B6 /* FirebaseCrashlytics */; };
		50EB87172B9C3D8000BC48B6 /* FirebaseDatabase in Frameworks */ = {isa = PBXBuildFile; productRef = 50EB87162B9C3D8000BC48B6 /* FirebaseDatabase */; };
		50EB87192B9C3D8000BC48B6 /* FirebaseDatabaseSwift in Frameworks */ = {isa = PBXBuildFile; productRef = 50EB87182B9C3D8000BC48B6 /* FirebaseDatabaseSwift */; };
		50EB871B2B9C3D8000BC48B6 /* FirebaseDynamicLinks in Frameworks */ = {isa = PBXBuildFile; productRef = 50EB871A2B9C3D8000BC48B6 /* FirebaseDynamicLinks */; };
		50EB871D2B9C3D8000BC48B6 /* FirebaseFirestore in Frameworks */ = {isa = PBXBuildFile; productRef = 50EB871C2B9C3D8000BC48B6 /* FirebaseFirestore */; };
		50EB871F2B9C3D8000BC48B6 /* FirebaseFirestoreCombine-Community in Frameworks */ = {isa = PBXBuildFile; productRef = 50EB871E2B9C3D8000BC48B6 /* FirebaseFirestoreCombine-Community */; };
		50EB87212B9C3D8000BC48B6 /* FirebaseFirestoreSwift in Frameworks */ = {isa = PBXBuildFile; productRef = 50EB87202B9C3D8000BC48B6 /* FirebaseFirestoreSwift */; };
		50EB87232B9C3D8000BC48B6 /* FirebaseFunctions in Frameworks */ = {isa = PBXBuildFile; productRef = 50EB87222B9C3D8000BC48B6 /* FirebaseFunctions */; };
		50EB87252B9C3D8000BC48B6 /* FirebaseFunctionsCombine-Community in Frameworks */ = {isa = PBXBuildFile; productRef = 50EB87242B9C3D8000BC48B6 /* FirebaseFunctionsCombine-Community */; };
		50EB87272B9C3D8000BC48B6 /* FirebaseInAppMessaging-Beta in Frameworks */ = {isa = PBXBuildFile; productRef = 50EB87262B9C3D8000BC48B6 /* FirebaseInAppMessaging-Beta */; };
		50EB87292B9C3D8000BC48B6 /* FirebaseInAppMessagingSwift-Beta in Frameworks */ = {isa = PBXBuildFile; productRef = 50EB87282B9C3D8000BC48B6 /* FirebaseInAppMessagingSwift-Beta */; };
		50EB872B2B9C3D8000BC48B6 /* FirebaseInstallations in Frameworks */ = {isa = PBXBuildFile; productRef = 50EB872A2B9C3D8000BC48B6 /* FirebaseInstallations */; };
		50EB872D2B9C3D8000BC48B6 /* FirebaseMLModelDownloader in Frameworks */ = {isa = PBXBuildFile; productRef = 50EB872C2B9C3D8000BC48B6 /* FirebaseMLModelDownloader */; };
		50EB872F2B9C3D8000BC48B6 /* FirebaseMessaging in Frameworks */ = {isa = PBXBuildFile; productRef = 50EB872E2B9C3D8000BC48B6 /* FirebaseMessaging */; };
		50EB87312B9C3D8000BC48B6 /* FirebasePerformance in Frameworks */ = {isa = PBXBuildFile; productRef = 50EB87302B9C3D8000BC48B6 /* FirebasePerformance */; };
		50EB87332B9C3D8000BC48B6 /* FirebaseRemoteConfig in Frameworks */ = {isa = PBXBuildFile; productRef = 50EB87322B9C3D8000BC48B6 /* FirebaseRemoteConfig */; };
		50EB87352B9C3D8000BC48B6 /* FirebaseRemoteConfigSwift in Frameworks */ = {isa = PBXBuildFile; productRef = 50EB87342B9C3D8000BC48B6 /* FirebaseRemoteConfigSwift */; };
		50EB87372B9C3D8000BC48B6 /* FirebaseStorage in Frameworks */ = {isa = PBXBuildFile; productRef = 50EB87362B9C3D8000BC48B6 /* FirebaseStorage */; };
		50EB87392B9C3D8000BC48B6 /* FirebaseStorageCombine-Community in Frameworks */ = {isa = PBXBuildFile; productRef = 50EB87382B9C3D8000BC48B6 /* FirebaseStorageCombine-Community */; };
		50EB873D2B9F7B9C00BC48B6 /* User.swift in Sources */ = {isa = PBXBuildFile; fileRef = 50EB873C2B9F7B9C00BC48B6 /* User.swift */; };
		50EB87432B9F835900BC48B6 /* FireAuthHelper.swift in Sources */ = {isa = PBXBuildFile; fileRef = 50EB87422B9F835900BC48B6 /* FireAuthHelper.swift */; };
		50EB87452B9F836400BC48B6 /* FireDBHelper.swift in Sources */ = {isa = PBXBuildFile; fileRef = 50EB87442B9F836400BC48B6 /* FireDBHelper.swift */; };
		50EB87492B9F8BF500BC48B6 /* MainView.swift in Sources */ = {isa = PBXBuildFile; fileRef = 50EB87482B9F8BF500BC48B6 /* MainView.swift */; };
		50EB874B2BA0A47400BC48B6 /* FriendListTile.swift in Sources */ = {isa = PBXBuildFile; fileRef = 50EB874A2BA0A47400BC48B6 /* FriendListTile.swift */; };
		50EB878B2BA1600F00BC48B6 /* LocationHelper.swift in Sources */ = {isa = PBXBuildFile; fileRef = 50EB878A2BA1600F00BC48B6 /* LocationHelper.swift */; };
		50EB87952BA2409400BC48B6 /* FriendProfileScreen.swift in Sources */ = {isa = PBXBuildFile; fileRef = 50EB87942BA2409300BC48B6 /* FriendProfileScreen.swift */; };
		5A0388172B9E69C400894D86 /* EventListScreen.swift in Sources */ = {isa = PBXBuildFile; fileRef = 5A0388162B9E69C400894D86 /* EventListScreen.swift */; };
		5A03881D2B9EA1FF00894D86 /* EventAPIManager.swift in Sources */ = {isa = PBXBuildFile; fileRef = 5A03881C2B9EA1FF00894D86 /* EventAPIManager.swift */; };
		5A03881F2B9EA3B600894D86 /* Event.swift in Sources */ = {isa = PBXBuildFile; fileRef = 5A03881E2B9EA3B600894D86 /* Event.swift */; };
		5AC234F92BA3C0FB0034B8DE /* LocationManager.swift in Sources */ = {isa = PBXBuildFile; fileRef = 5AC234F82BA3C0FB0034B8DE /* LocationManager.swift */; };
		BADBE7DF2BA34CC0002E6BD0 /* ImagePicker.swift in Sources */ = {isa = PBXBuildFile; fileRef = BADBE7DE2BA34CC0002E6BD0 /* ImagePicker.swift */; };
/* End PBXBuildFile section */

/* Begin PBXFileReference section */
		50EB86CC2B9C2A1C00BC48B6 /* Evene.app */ = {isa = PBXFileReference; explicitFileType = wrapper.application; includeInIndex = 0; path = Evene.app; sourceTree = BUILT_PRODUCTS_DIR; };
		50EB86CF2B9C2A1C00BC48B6 /* EveneApp.swift */ = {isa = PBXFileReference; lastKnownFileType = sourcecode.swift; path = EveneApp.swift; sourceTree = "<group>"; };
		50EB86D12B9C2A1C00BC48B6 /* ContentView.swift */ = {isa = PBXFileReference; lastKnownFileType = sourcecode.swift; path = ContentView.swift; sourceTree = "<group>"; };
		50EB86D32B9C2A1E00BC48B6 /* Assets.xcassets */ = {isa = PBXFileReference; lastKnownFileType = folder.assetcatalog; path = Assets.xcassets; sourceTree = "<group>"; };
		50EB86D62B9C2A1E00BC48B6 /* Preview Assets.xcassets */ = {isa = PBXFileReference; lastKnownFileType = folder.assetcatalog; path = "Preview Assets.xcassets"; sourceTree = "<group>"; };
		50EB86E02B9C306800BC48B6 /* HomeScreen.swift */ = {isa = PBXFileReference; lastKnownFileType = sourcecode.swift; path = HomeScreen.swift; sourceTree = "<group>"; };
		50EB86E22B9C309400BC48B6 /* EventDetailsScreen.swift */ = {isa = PBXFileReference; lastKnownFileType = sourcecode.swift; path = EventDetailsScreen.swift; sourceTree = "<group>"; };
		50EB86E42B9C30B700BC48B6 /* LoginScreen.swift */ = {isa = PBXFileReference; lastKnownFileType = sourcecode.swift; path = LoginScreen.swift; sourceTree = "<group>"; };
		50EB86E62B9C30C800BC48B6 /* SignUpScreen.swift */ = {isa = PBXFileReference; lastKnownFileType = sourcecode.swift; path = SignUpScreen.swift; sourceTree = "<group>"; };
		50EB86E82B9C310200BC48B6 /* UserProfileScreen.swift */ = {isa = PBXFileReference; lastKnownFileType = sourcecode.swift; path = UserProfileScreen.swift; sourceTree = "<group>"; };
		50EB86F02B9C335200BC48B6 /* MyFriendListScreen.swift */ = {isa = PBXFileReference; lastKnownFileType = sourcecode.swift; path = MyFriendListScreen.swift; sourceTree = "<group>"; };
		50EB86F22B9C335F00BC48B6 /* MyEventsScreen.swift */ = {isa = PBXFileReference; lastKnownFileType = sourcecode.swift; path = MyEventsScreen.swift; sourceTree = "<group>"; };
		50EB86F42B9C38EE00BC48B6 /* AddFriendScreen.swift */ = {isa = PBXFileReference; lastKnownFileType = sourcecode.swift; path = AddFriendScreen.swift; sourceTree = "<group>"; };
		50EB86F62B9C3BD600BC48B6 /* GoogleService-Info.plist */ = {isa = PBXFileReference; fileEncoding = 4; lastKnownFileType = text.plist.xml; path = "GoogleService-Info.plist"; sourceTree = "<group>"; };
		50EB873C2B9F7B9C00BC48B6 /* User.swift */ = {isa = PBXFileReference; lastKnownFileType = sourcecode.swift; path = User.swift; sourceTree = "<group>"; };
		50EB87422B9F835900BC48B6 /* FireAuthHelper.swift */ = {isa = PBXFileReference; lastKnownFileType = sourcecode.swift; path = FireAuthHelper.swift; sourceTree = "<group>"; };
		50EB87442B9F836400BC48B6 /* FireDBHelper.swift */ = {isa = PBXFileReference; lastKnownFileType = sourcecode.swift; path = FireDBHelper.swift; sourceTree = "<group>"; };
		50EB87482B9F8BF500BC48B6 /* MainView.swift */ = {isa = PBXFileReference; lastKnownFileType = sourcecode.swift; path = MainView.swift; sourceTree = "<group>"; };
		50EB874A2BA0A47400BC48B6 /* FriendListTile.swift */ = {isa = PBXFileReference; lastKnownFileType = sourcecode.swift; path = FriendListTile.swift; sourceTree = "<group>"; };
		50EB878A2BA1600F00BC48B6 /* LocationHelper.swift */ = {isa = PBXFileReference; lastKnownFileType = sourcecode.swift; path = LocationHelper.swift; sourceTree = "<group>"; };
		50EB87942BA2409300BC48B6 /* FriendProfileScreen.swift */ = {isa = PBXFileReference; lastKnownFileType = sourcecode.swift; path = FriendProfileScreen.swift; sourceTree = "<group>"; };
		5A0388162B9E69C400894D86 /* EventListScreen.swift */ = {isa = PBXFileReference; lastKnownFileType = sourcecode.swift; path = EventListScreen.swift; sourceTree = "<group>"; };
		5A03881C2B9EA1FF00894D86 /* EventAPIManager.swift */ = {isa = PBXFileReference; lastKnownFileType = sourcecode.swift; name = EventAPIManager.swift; path = Evene/Views/EventAPIManager.swift; sourceTree = SOURCE_ROOT; };
		5A03881E2B9EA3B600894D86 /* Event.swift */ = {isa = PBXFileReference; lastKnownFileType = sourcecode.swift; name = Event.swift; path = Evene/Views/Event.swift; sourceTree = SOURCE_ROOT; };
		5AC234F82BA3C0FB0034B8DE /* LocationManager.swift */ = {isa = PBXFileReference; lastKnownFileType = sourcecode.swift; path = LocationManager.swift; sourceTree = "<group>"; };
		5AC234FA2BA3C3210034B8DE /* Info.plist */ = {isa = PBXFileReference; lastKnownFileType = text.plist; path = Info.plist; sourceTree = "<group>"; };
		BADBE7DE2BA34CC0002E6BD0 /* ImagePicker.swift */ = {isa = PBXFileReference; lastKnownFileType = sourcecode.swift; path = ImagePicker.swift; sourceTree = "<group>"; };
/* End PBXFileReference section */

/* Begin PBXFrameworksBuildPhase section */
		50EB86C92B9C2A1C00BC48B6 /* Frameworks */ = {
			isa = PBXFrameworksBuildPhase;
			buildActionMask = 2147483647;
			files = (
				50EB87172B9C3D8000BC48B6 /* FirebaseDatabase in Frameworks */,
				50EB87252B9C3D8000BC48B6 /* FirebaseFunctionsCombine-Community in Frameworks */,
				50EB871D2B9C3D8000BC48B6 /* FirebaseFirestore in Frameworks */,
				50EB87092B9C3D8000BC48B6 /* FirebaseAnalyticsSwift in Frameworks */,
				50EB87052B9C3D8000BC48B6 /* FirebaseAnalytics in Frameworks */,
				50EB87072B9C3D8000BC48B6 /* FirebaseAnalyticsOnDeviceConversion in Frameworks */,
				50EB872D2B9C3D8000BC48B6 /* FirebaseMLModelDownloader in Frameworks */,
				50EB87212B9C3D8000BC48B6 /* FirebaseFirestoreSwift in Frameworks */,
				50EB870D2B9C3D8000BC48B6 /* FirebaseAppCheck in Frameworks */,
				50EB870B2B9C3D8000BC48B6 /* FirebaseAnalyticsWithoutAdIdSupport in Frameworks */,
				50EB87112B9C3D8000BC48B6 /* FirebaseAuth in Frameworks */,
				50EB87152B9C3D8000BC48B6 /* FirebaseCrashlytics in Frameworks */,
				50EB87352B9C3D8000BC48B6 /* FirebaseRemoteConfigSwift in Frameworks */,
				50EB87272B9C3D8000BC48B6 /* FirebaseInAppMessaging-Beta in Frameworks */,
				50EB87192B9C3D8000BC48B6 /* FirebaseDatabaseSwift in Frameworks */,
				50EB87232B9C3D8000BC48B6 /* FirebaseFunctions in Frameworks */,
				50EB87392B9C3D8000BC48B6 /* FirebaseStorageCombine-Community in Frameworks */,
				50EB87332B9C3D8000BC48B6 /* FirebaseRemoteConfig in Frameworks */,
				50EB870F2B9C3D8000BC48B6 /* FirebaseAppDistribution-Beta in Frameworks */,
				50EB87132B9C3D8000BC48B6 /* FirebaseAuthCombine-Community in Frameworks */,
				50EB87312B9C3D8000BC48B6 /* FirebasePerformance in Frameworks */,
				50EB87292B9C3D8000BC48B6 /* FirebaseInAppMessagingSwift-Beta in Frameworks */,
				50EB87372B9C3D8000BC48B6 /* FirebaseStorage in Frameworks */,
				50EB871B2B9C3D8000BC48B6 /* FirebaseDynamicLinks in Frameworks */,
				50EB871F2B9C3D8000BC48B6 /* FirebaseFirestoreCombine-Community in Frameworks */,
				50EB872F2B9C3D8000BC48B6 /* FirebaseMessaging in Frameworks */,
				50EB872B2B9C3D8000BC48B6 /* FirebaseInstallations in Frameworks */,
			);
			runOnlyForDeploymentPostprocessing = 0;
		};
/* End PBXFrameworksBuildPhase section */

/* Begin PBXGroup section */
		50EB86C32B9C2A1C00BC48B6 = {
			isa = PBXGroup;
			children = (
				50EB86CE2B9C2A1C00BC48B6 /* Evene */,
				50EB86CD2B9C2A1C00BC48B6 /* Products */,
			);
			sourceTree = "<group>";
		};
		50EB86CD2B9C2A1C00BC48B6 /* Products */ = {
			isa = PBXGroup;
			children = (
				50EB86CC2B9C2A1C00BC48B6 /* Evene.app */,
			);
			name = Products;
			sourceTree = "<group>";
		};
		50EB86CE2B9C2A1C00BC48B6 /* Evene */ = {
			isa = PBXGroup;
			children = (
				5AC234FA2BA3C3210034B8DE /* Info.plist */,
				50EB86F62B9C3BD600BC48B6 /* GoogleService-Info.plist */,
				50EB86DF2B9C2BBD00BC48B6 /* Controllers */,
				50EB86DE2B9C2BB600BC48B6 /* Models */,
				50EB86DD2B9C2BAF00BC48B6 /* Views */,
				50EB86CF2B9C2A1C00BC48B6 /* EveneApp.swift */,
				50EB86D32B9C2A1E00BC48B6 /* Assets.xcassets */,
				50EB86D52B9C2A1E00BC48B6 /* Preview Content */,
			);
			path = Evene;
			sourceTree = "<group>";
		};
		50EB86D52B9C2A1E00BC48B6 /* Preview Content */ = {
			isa = PBXGroup;
			children = (
				50EB86D62B9C2A1E00BC48B6 /* Preview Assets.xcassets */,
			);
			path = "Preview Content";
			sourceTree = "<group>";
		};
		50EB86DD2B9C2BAF00BC48B6 /* Views */ = {
			isa = PBXGroup;
			children = (
				50EB86D12B9C2A1C00BC48B6 /* ContentView.swift */,
				50EB86E02B9C306800BC48B6 /* HomeScreen.swift */,
				50EB86E22B9C309400BC48B6 /* EventDetailsScreen.swift */,
				50EB86E42B9C30B700BC48B6 /* LoginScreen.swift */,
				50EB86E62B9C30C800BC48B6 /* SignUpScreen.swift */,
				50EB86E82B9C310200BC48B6 /* UserProfileScreen.swift */,
				50EB86F02B9C335200BC48B6 /* MyFriendListScreen.swift */,
				50EB86F22B9C335F00BC48B6 /* MyEventsScreen.swift */,
				50EB86F42B9C38EE00BC48B6 /* AddFriendScreen.swift */,
				50EB87482B9F8BF500BC48B6 /* MainView.swift */,
				50EB874A2BA0A47400BC48B6 /* FriendListTile.swift */,
				5A0388162B9E69C400894D86 /* EventListScreen.swift */,
				50EB87942BA2409300BC48B6 /* FriendProfileScreen.swift */,
			);
			path = Views;
			sourceTree = "<group>";
		};
		50EB86DE2B9C2BB600BC48B6 /* Models */ = {
			isa = PBXGroup;
			children = (
				50EB873C2B9F7B9C00BC48B6 /* User.swift */,
				5A03881E2B9EA3B600894D86 /* Event.swift */,
			);
			path = Models;
			sourceTree = "<group>";
		};
		50EB86DF2B9C2BBD00BC48B6 /* Controllers */ = {
			isa = PBXGroup;
			children = (
				50EB87422B9F835900BC48B6 /* FireAuthHelper.swift */,
				50EB87442B9F836400BC48B6 /* FireDBHelper.swift */,
				50EB878A2BA1600F00BC48B6 /* LocationHelper.swift */,
				5A03881C2B9EA1FF00894D86 /* EventAPIManager.swift */,
				BADBE7DE2BA34CC0002E6BD0 /* ImagePicker.swift */,
				5AC234F82BA3C0FB0034B8DE /* LocationManager.swift */,
			);
			path = Controllers;
			sourceTree = "<group>";
		};
/* End PBXGroup section */

/* Begin PBXNativeTarget section */
		50EB86CB2B9C2A1C00BC48B6 /* Evene */ = {
			isa = PBXNativeTarget;
			buildConfigurationList = 50EB86DA2B9C2A1E00BC48B6 /* Build configuration list for PBXNativeTarget "Evene" */;
			buildPhases = (
				50EB86C82B9C2A1C00BC48B6 /* Sources */,
				50EB86C92B9C2A1C00BC48B6 /* Frameworks */,
				50EB86CA2B9C2A1C00BC48B6 /* Resources */,
			);
			buildRules = (
			);
			dependencies = (
			);
			name = Evene;
			packageProductDependencies = (
				50EB87042B9C3D8000BC48B6 /* FirebaseAnalytics */,
				50EB87062B9C3D8000BC48B6 /* FirebaseAnalyticsOnDeviceConversion */,
				50EB87082B9C3D8000BC48B6 /* FirebaseAnalyticsSwift */,
				50EB870A2B9C3D8000BC48B6 /* FirebaseAnalyticsWithoutAdIdSupport */,
				50EB870C2B9C3D8000BC48B6 /* FirebaseAppCheck */,
				50EB870E2B9C3D8000BC48B6 /* FirebaseAppDistribution-Beta */,
				50EB87102B9C3D8000BC48B6 /* FirebaseAuth */,
				50EB87122B9C3D8000BC48B6 /* FirebaseAuthCombine-Community */,
				50EB87142B9C3D8000BC48B6 /* FirebaseCrashlytics */,
				50EB87162B9C3D8000BC48B6 /* FirebaseDatabase */,
				50EB87182B9C3D8000BC48B6 /* FirebaseDatabaseSwift */,
				50EB871A2B9C3D8000BC48B6 /* FirebaseDynamicLinks */,
				50EB871C2B9C3D8000BC48B6 /* FirebaseFirestore */,
				50EB871E2B9C3D8000BC48B6 /* FirebaseFirestoreCombine-Community */,
				50EB87202B9C3D8000BC48B6 /* FirebaseFirestoreSwift */,
				50EB87222B9C3D8000BC48B6 /* FirebaseFunctions */,
				50EB87242B9C3D8000BC48B6 /* FirebaseFunctionsCombine-Community */,
				50EB87262B9C3D8000BC48B6 /* FirebaseInAppMessaging-Beta */,
				50EB87282B9C3D8000BC48B6 /* FirebaseInAppMessagingSwift-Beta */,
				50EB872A2B9C3D8000BC48B6 /* FirebaseInstallations */,
				50EB872C2B9C3D8000BC48B6 /* FirebaseMLModelDownloader */,
				50EB872E2B9C3D8000BC48B6 /* FirebaseMessaging */,
				50EB87302B9C3D8000BC48B6 /* FirebasePerformance */,
				50EB87322B9C3D8000BC48B6 /* FirebaseRemoteConfig */,
				50EB87342B9C3D8000BC48B6 /* FirebaseRemoteConfigSwift */,
				50EB87362B9C3D8000BC48B6 /* FirebaseStorage */,
				50EB87382B9C3D8000BC48B6 /* FirebaseStorageCombine-Community */,
			);
			productName = Evene;
			productReference = 50EB86CC2B9C2A1C00BC48B6 /* Evene.app */;
			productType = "com.apple.product-type.application";
		};
/* End PBXNativeTarget section */

/* Begin PBXProject section */
		50EB86C42B9C2A1C00BC48B6 /* Project object */ = {
			isa = PBXProject;
			attributes = {
				BuildIndependentTargetsInParallel = 1;
				LastSwiftUpdateCheck = 1510;
				LastUpgradeCheck = 1510;
				TargetAttributes = {
					50EB86CB2B9C2A1C00BC48B6 = {
						CreatedOnToolsVersion = 15.1;
					};
				};
			};
			buildConfigurationList = 50EB86C72B9C2A1C00BC48B6 /* Build configuration list for PBXProject "Evene" */;
			compatibilityVersion = "Xcode 14.0";
			developmentRegion = en;
			hasScannedForEncodings = 0;
			knownRegions = (
				en,
				Base,
			);
			mainGroup = 50EB86C32B9C2A1C00BC48B6;
			packageReferences = (
				50EB87032B9C3D8000BC48B6 /* XCRemoteSwiftPackageReference "firebase-ios-sdk" */,
			);
			productRefGroup = 50EB86CD2B9C2A1C00BC48B6 /* Products */;
			projectDirPath = "";
			projectRoot = "";
			targets = (
				50EB86CB2B9C2A1C00BC48B6 /* Evene */,
			);
		};
/* End PBXProject section */

/* Begin PBXResourcesBuildPhase section */
		50EB86CA2B9C2A1C00BC48B6 /* Resources */ = {
			isa = PBXResourcesBuildPhase;
			buildActionMask = 2147483647;
			files = (
				50EB86D72B9C2A1E00BC48B6 /* Preview Assets.xcassets in Resources */,
				50EB86D42B9C2A1E00BC48B6 /* Assets.xcassets in Resources */,
				50EB86F72B9C3BD600BC48B6 /* GoogleService-Info.plist in Resources */,
			);
			runOnlyForDeploymentPostprocessing = 0;
		};
/* End PBXResourcesBuildPhase section */

/* Begin PBXSourcesBuildPhase section */
		50EB86C82B9C2A1C00BC48B6 /* Sources */ = {
			isa = PBXSourcesBuildPhase;
			buildActionMask = 2147483647;
			files = (
				50EB873D2B9F7B9C00BC48B6 /* User.swift in Sources */,
				50EB87952BA2409400BC48B6 /* FriendProfileScreen.swift in Sources */,
				BADBE7DF2BA34CC0002E6BD0 /* ImagePicker.swift in Sources */,
				50EB86F32B9C335F00BC48B6 /* MyEventsScreen.swift in Sources */,
				50EB86E92B9C310200BC48B6 /* UserProfileScreen.swift in Sources */,
				50EB878B2BA1600F00BC48B6 /* LocationHelper.swift in Sources */,
				50EB874B2BA0A47400BC48B6 /* FriendListTile.swift in Sources */,
				50EB86D22B9C2A1C00BC48B6 /* ContentView.swift in Sources */,
				50EB86D02B9C2A1C00BC48B6 /* EveneApp.swift in Sources */,
				50EB86F12B9C335200BC48B6 /* MyFriendListScreen.swift in Sources */,
				50EB87452B9F836400BC48B6 /* FireDBHelper.swift in Sources */,
				5AC234F92BA3C0FB0034B8DE /* LocationManager.swift in Sources */,
				5A03881F2B9EA3B600894D86 /* Event.swift in Sources */,
				50EB86D22B9C2A1C00BC48B6 /* ContentView.swift in Sources */,
				50EB86D02B9C2A1C00BC48B6 /* EveneApp.swift in Sources */,
				50EB86F12B9C335200BC48B6 /* MyFriendListScreen.swift in Sources */,
				5A03881D2B9EA1FF00894D86 /* EventAPIManager.swift in Sources */,
				50EB86F52B9C38EE00BC48B6 /* AddFriendScreen.swift in Sources */,
				50EB87492B9F8BF500BC48B6 /* MainView.swift in Sources */,
				50EB86E12B9C306800BC48B6 /* HomeScreen.swift in Sources */,
				50EB87432B9F835900BC48B6 /* FireAuthHelper.swift in Sources */,
				50EB86E32B9C309400BC48B6 /* EventDetailsScreen.swift in Sources */,
				50EB86E52B9C30B700BC48B6 /* LoginScreen.swift in Sources */,
				50EB86E72B9C30C800BC48B6 /* SignUpScreen.swift in Sources */,
				5A0388172B9E69C400894D86 /* EventListScreen.swift in Sources */,
			);
			runOnlyForDeploymentPostprocessing = 0;
		};
/* End PBXSourcesBuildPhase section */

/* Begin XCBuildConfiguration section */
		50EB86D82B9C2A1E00BC48B6 /* Debug */ = {
			isa = XCBuildConfiguration;
			buildSettings = {
				ALWAYS_SEARCH_USER_PATHS = NO;
				ASSETCATALOG_COMPILER_GENERATE_SWIFT_ASSET_SYMBOL_EXTENSIONS = YES;
				CLANG_ANALYZER_NONNULL = YES;
				CLANG_ANALYZER_NUMBER_OBJECT_CONVERSION = YES_AGGRESSIVE;
				CLANG_CXX_LANGUAGE_STANDARD = "gnu++20";
				CLANG_ENABLE_MODULES = YES;
				CLANG_ENABLE_OBJC_ARC = YES;
				CLANG_ENABLE_OBJC_WEAK = YES;
				CLANG_WARN_BLOCK_CAPTURE_AUTORELEASING = YES;
				CLANG_WARN_BOOL_CONVERSION = YES;
				CLANG_WARN_COMMA = YES;
				CLANG_WARN_CONSTANT_CONVERSION = YES;
				CLANG_WARN_DEPRECATED_OBJC_IMPLEMENTATIONS = YES;
				CLANG_WARN_DIRECT_OBJC_ISA_USAGE = YES_ERROR;
				CLANG_WARN_DOCUMENTATION_COMMENTS = YES;
				CLANG_WARN_EMPTY_BODY = YES;
				CLANG_WARN_ENUM_CONVERSION = YES;
				CLANG_WARN_INFINITE_RECURSION = YES;
				CLANG_WARN_INT_CONVERSION = YES;
				CLANG_WARN_NON_LITERAL_NULL_CONVERSION = YES;
				CLANG_WARN_OBJC_IMPLICIT_RETAIN_SELF = YES;
				CLANG_WARN_OBJC_LITERAL_CONVERSION = YES;
				CLANG_WARN_OBJC_ROOT_CLASS = YES_ERROR;
				CLANG_WARN_QUOTED_INCLUDE_IN_FRAMEWORK_HEADER = YES;
				CLANG_WARN_RANGE_LOOP_ANALYSIS = YES;
				CLANG_WARN_STRICT_PROTOTYPES = YES;
				CLANG_WARN_SUSPICIOUS_MOVE = YES;
				CLANG_WARN_UNGUARDED_AVAILABILITY = YES_AGGRESSIVE;
				CLANG_WARN_UNREACHABLE_CODE = YES;
				CLANG_WARN__DUPLICATE_METHOD_MATCH = YES;
				COPY_PHASE_STRIP = NO;
				DEBUG_INFORMATION_FORMAT = dwarf;
				ENABLE_STRICT_OBJC_MSGSEND = YES;
				ENABLE_TESTABILITY = YES;
				ENABLE_USER_SCRIPT_SANDBOXING = YES;
				GCC_C_LANGUAGE_STANDARD = gnu17;
				GCC_DYNAMIC_NO_PIC = NO;
				GCC_NO_COMMON_BLOCKS = YES;
				GCC_OPTIMIZATION_LEVEL = 0;
				GCC_PREPROCESSOR_DEFINITIONS = (
					"DEBUG=1",
					"$(inherited)",
				);
				GCC_WARN_64_TO_32_BIT_CONVERSION = YES;
				GCC_WARN_ABOUT_RETURN_TYPE = YES_ERROR;
				GCC_WARN_UNDECLARED_SELECTOR = YES;
				GCC_WARN_UNINITIALIZED_AUTOS = YES_AGGRESSIVE;
				GCC_WARN_UNUSED_FUNCTION = YES;
				GCC_WARN_UNUSED_VARIABLE = YES;
				IPHONEOS_DEPLOYMENT_TARGET = 17.2;
				LOCALIZATION_PREFERS_STRING_CATALOGS = YES;
				MTL_ENABLE_DEBUG_INFO = INCLUDE_SOURCE;
				MTL_FAST_MATH = YES;
				ONLY_ACTIVE_ARCH = YES;
				SDKROOT = iphoneos;
				SWIFT_ACTIVE_COMPILATION_CONDITIONS = "DEBUG $(inherited)";
				SWIFT_OPTIMIZATION_LEVEL = "-Onone";
			};
			name = Debug;
		};
		50EB86D92B9C2A1E00BC48B6 /* Release */ = {
			isa = XCBuildConfiguration;
			buildSettings = {
				ALWAYS_SEARCH_USER_PATHS = NO;
				ASSETCATALOG_COMPILER_GENERATE_SWIFT_ASSET_SYMBOL_EXTENSIONS = YES;
				CLANG_ANALYZER_NONNULL = YES;
				CLANG_ANALYZER_NUMBER_OBJECT_CONVERSION = YES_AGGRESSIVE;
				CLANG_CXX_LANGUAGE_STANDARD = "gnu++20";
				CLANG_ENABLE_MODULES = YES;
				CLANG_ENABLE_OBJC_ARC = YES;
				CLANG_ENABLE_OBJC_WEAK = YES;
				CLANG_WARN_BLOCK_CAPTURE_AUTORELEASING = YES;
				CLANG_WARN_BOOL_CONVERSION = YES;
				CLANG_WARN_COMMA = YES;
				CLANG_WARN_CONSTANT_CONVERSION = YES;
				CLANG_WARN_DEPRECATED_OBJC_IMPLEMENTATIONS = YES;
				CLANG_WARN_DIRECT_OBJC_ISA_USAGE = YES_ERROR;
				CLANG_WARN_DOCUMENTATION_COMMENTS = YES;
				CLANG_WARN_EMPTY_BODY = YES;
				CLANG_WARN_ENUM_CONVERSION = YES;
				CLANG_WARN_INFINITE_RECURSION = YES;
				CLANG_WARN_INT_CONVERSION = YES;
				CLANG_WARN_NON_LITERAL_NULL_CONVERSION = YES;
				CLANG_WARN_OBJC_IMPLICIT_RETAIN_SELF = YES;
				CLANG_WARN_OBJC_LITERAL_CONVERSION = YES;
				CLANG_WARN_OBJC_ROOT_CLASS = YES_ERROR;
				CLANG_WARN_QUOTED_INCLUDE_IN_FRAMEWORK_HEADER = YES;
				CLANG_WARN_RANGE_LOOP_ANALYSIS = YES;
				CLANG_WARN_STRICT_PROTOTYPES = YES;
				CLANG_WARN_SUSPICIOUS_MOVE = YES;
				CLANG_WARN_UNGUARDED_AVAILABILITY = YES_AGGRESSIVE;
				CLANG_WARN_UNREACHABLE_CODE = YES;
				CLANG_WARN__DUPLICATE_METHOD_MATCH = YES;
				COPY_PHASE_STRIP = NO;
				DEBUG_INFORMATION_FORMAT = "dwarf-with-dsym";
				ENABLE_NS_ASSERTIONS = NO;
				ENABLE_STRICT_OBJC_MSGSEND = YES;
				ENABLE_USER_SCRIPT_SANDBOXING = YES;
				GCC_C_LANGUAGE_STANDARD = gnu17;
				GCC_NO_COMMON_BLOCKS = YES;
				GCC_WARN_64_TO_32_BIT_CONVERSION = YES;
				GCC_WARN_ABOUT_RETURN_TYPE = YES_ERROR;
				GCC_WARN_UNDECLARED_SELECTOR = YES;
				GCC_WARN_UNINITIALIZED_AUTOS = YES_AGGRESSIVE;
				GCC_WARN_UNUSED_FUNCTION = YES;
				GCC_WARN_UNUSED_VARIABLE = YES;
				IPHONEOS_DEPLOYMENT_TARGET = 17.2;
				LOCALIZATION_PREFERS_STRING_CATALOGS = YES;
				MTL_ENABLE_DEBUG_INFO = NO;
				MTL_FAST_MATH = YES;
				SDKROOT = iphoneos;
				SWIFT_COMPILATION_MODE = wholemodule;
				VALIDATE_PRODUCT = YES;
			};
			name = Release;
		};
		50EB86DB2B9C2A1E00BC48B6 /* Debug */ = {
			isa = XCBuildConfiguration;
			buildSettings = {
				ASSETCATALOG_COMPILER_APPICON_NAME = AppIcon;
				ASSETCATALOG_COMPILER_GLOBAL_ACCENT_COLOR_NAME = AccentColor;
				CODE_SIGN_STYLE = Automatic;
				CURRENT_PROJECT_VERSION = 1;
				DEVELOPMENT_ASSET_PATHS = "\"Evene/Preview Content\"";
				DEVELOPMENT_TEAM = 827JZHP663;
				ENABLE_PREVIEWS = YES;
				GENERATE_INFOPLIST_FILE = YES;
				INFOPLIST_FILE = Evene/Info.plist;
				INFOPLIST_KEY_NSLocationAlwaysAndWhenInUseUsageDescription = "This app use your location";
				INFOPLIST_KEY_NSLocationWhenInUseUsageDescription = "";
				INFOPLIST_KEY_NSPhotoLibraryAddUsageDescription = "";
				INFOPLIST_KEY_NSPhotoLibraryUsageDescription = "";
				INFOPLIST_KEY_UIApplicationSceneManifest_Generation = YES;
				INFOPLIST_KEY_UIApplicationSupportsIndirectInputEvents = YES;
				INFOPLIST_KEY_UILaunchScreen_Generation = YES;
				INFOPLIST_KEY_UISupportedInterfaceOrientations_iPad = "UIInterfaceOrientationPortrait UIInterfaceOrientationPortraitUpsideDown UIInterfaceOrientationLandscapeLeft UIInterfaceOrientationLandscapeRight";
				INFOPLIST_KEY_UISupportedInterfaceOrientations_iPhone = "UIInterfaceOrientationPortrait UIInterfaceOrientationLandscapeLeft UIInterfaceOrientationLandscapeRight";
				LD_RUNPATH_SEARCH_PATHS = (
					"$(inherited)",
					"@executable_path/Frameworks",
				);
				MARKETING_VERSION = 1.0;
				PRODUCT_BUNDLE_IDENTIFIER = com.gbc.evene;
				PRODUCT_NAME = "$(TARGET_NAME)";
				SWIFT_EMIT_LOC_STRINGS = YES;
				SWIFT_VERSION = 5.0;
				TARGETED_DEVICE_FAMILY = "1,2";
			};
			name = Debug;
		};
		50EB86DC2B9C2A1E00BC48B6 /* Release */ = {
			isa = XCBuildConfiguration;
			buildSettings = {
				ASSETCATALOG_COMPILER_APPICON_NAME = AppIcon;
				ASSETCATALOG_COMPILER_GLOBAL_ACCENT_COLOR_NAME = AccentColor;
				CODE_SIGN_STYLE = Automatic;
				CURRENT_PROJECT_VERSION = 1;
				DEVELOPMENT_ASSET_PATHS = "\"Evene/Preview Content\"";
				DEVELOPMENT_TEAM = 827JZHP663;
				ENABLE_PREVIEWS = YES;
				GENERATE_INFOPLIST_FILE = YES;
				INFOPLIST_FILE = Evene/Info.plist;
				INFOPLIST_KEY_NSLocationAlwaysAndWhenInUseUsageDescription = "This app use your location";
				INFOPLIST_KEY_NSLocationWhenInUseUsageDescription = "";
				INFOPLIST_KEY_NSPhotoLibraryAddUsageDescription = "";
				INFOPLIST_KEY_NSPhotoLibraryUsageDescription = "";
				INFOPLIST_KEY_UIApplicationSceneManifest_Generation = YES;
				INFOPLIST_KEY_UIApplicationSupportsIndirectInputEvents = YES;
				INFOPLIST_KEY_UILaunchScreen_Generation = YES;
				INFOPLIST_KEY_UISupportedInterfaceOrientations_iPad = "UIInterfaceOrientationPortrait UIInterfaceOrientationPortraitUpsideDown UIInterfaceOrientationLandscapeLeft UIInterfaceOrientationLandscapeRight";
				INFOPLIST_KEY_UISupportedInterfaceOrientations_iPhone = "UIInterfaceOrientationPortrait UIInterfaceOrientationLandscapeLeft UIInterfaceOrientationLandscapeRight";
				LD_RUNPATH_SEARCH_PATHS = (
					"$(inherited)",
					"@executable_path/Frameworks",
				);
				MARKETING_VERSION = 1.0;
				PRODUCT_BUNDLE_IDENTIFIER = com.gbc.evene;
				PRODUCT_NAME = "$(TARGET_NAME)";
				SWIFT_EMIT_LOC_STRINGS = YES;
				SWIFT_VERSION = 5.0;
				TARGETED_DEVICE_FAMILY = "1,2";
			};
			name = Release;
		};
/* End XCBuildConfiguration section */

/* Begin XCConfigurationList section */
		50EB86C72B9C2A1C00BC48B6 /* Build configuration list for PBXProject "Evene" */ = {
			isa = XCConfigurationList;
			buildConfigurations = (
				50EB86D82B9C2A1E00BC48B6 /* Debug */,
				50EB86D92B9C2A1E00BC48B6 /* Release */,
			);
			defaultConfigurationIsVisible = 0;
			defaultConfigurationName = Release;
		};
		50EB86DA2B9C2A1E00BC48B6 /* Build configuration list for PBXNativeTarget "Evene" */ = {
			isa = XCConfigurationList;
			buildConfigurations = (
				50EB86DB2B9C2A1E00BC48B6 /* Debug */,
				50EB86DC2B9C2A1E00BC48B6 /* Release */,
			);
			defaultConfigurationIsVisible = 0;
			defaultConfigurationName = Release;
		};
/* End XCConfigurationList section */

/* Begin XCRemoteSwiftPackageReference section */
		50EB87032B9C3D8000BC48B6 /* XCRemoteSwiftPackageReference "firebase-ios-sdk" */ = {
			isa = XCRemoteSwiftPackageReference;
			repositoryURL = "https://github.com/firebase/firebase-ios-sdk";
			requirement = {
				kind = upToNextMajorVersion;
				minimumVersion = 10.22.1;
			};
		};
/* End XCRemoteSwiftPackageReference section */

/* Begin XCSwiftPackageProductDependency section */
		50EB87042B9C3D8000BC48B6 /* FirebaseAnalytics */ = {
			isa = XCSwiftPackageProductDependency;
			package = 50EB87032B9C3D8000BC48B6 /* XCRemoteSwiftPackageReference "firebase-ios-sdk" */;
			productName = FirebaseAnalytics;
		};
		50EB87062B9C3D8000BC48B6 /* FirebaseAnalyticsOnDeviceConversion */ = {
			isa = XCSwiftPackageProductDependency;
			package = 50EB87032B9C3D8000BC48B6 /* XCRemoteSwiftPackageReference "firebase-ios-sdk" */;
			productName = FirebaseAnalyticsOnDeviceConversion;
		};
		50EB87082B9C3D8000BC48B6 /* FirebaseAnalyticsSwift */ = {
			isa = XCSwiftPackageProductDependency;
			package = 50EB87032B9C3D8000BC48B6 /* XCRemoteSwiftPackageReference "firebase-ios-sdk" */;
			productName = FirebaseAnalyticsSwift;
		};
		50EB870A2B9C3D8000BC48B6 /* FirebaseAnalyticsWithoutAdIdSupport */ = {
			isa = XCSwiftPackageProductDependency;
			package = 50EB87032B9C3D8000BC48B6 /* XCRemoteSwiftPackageReference "firebase-ios-sdk" */;
			productName = FirebaseAnalyticsWithoutAdIdSupport;
		};
		50EB870C2B9C3D8000BC48B6 /* FirebaseAppCheck */ = {
			isa = XCSwiftPackageProductDependency;
			package = 50EB87032B9C3D8000BC48B6 /* XCRemoteSwiftPackageReference "firebase-ios-sdk" */;
			productName = FirebaseAppCheck;
		};
		50EB870E2B9C3D8000BC48B6 /* FirebaseAppDistribution-Beta */ = {
			isa = XCSwiftPackageProductDependency;
			package = 50EB87032B9C3D8000BC48B6 /* XCRemoteSwiftPackageReference "firebase-ios-sdk" */;
			productName = "FirebaseAppDistribution-Beta";
		};
		50EB87102B9C3D8000BC48B6 /* FirebaseAuth */ = {
			isa = XCSwiftPackageProductDependency;
			package = 50EB87032B9C3D8000BC48B6 /* XCRemoteSwiftPackageReference "firebase-ios-sdk" */;
			productName = FirebaseAuth;
		};
		50EB87122B9C3D8000BC48B6 /* FirebaseAuthCombine-Community */ = {
			isa = XCSwiftPackageProductDependency;
			package = 50EB87032B9C3D8000BC48B6 /* XCRemoteSwiftPackageReference "firebase-ios-sdk" */;
			productName = "FirebaseAuthCombine-Community";
		};
		50EB87142B9C3D8000BC48B6 /* FirebaseCrashlytics */ = {
			isa = XCSwiftPackageProductDependency;
			package = 50EB87032B9C3D8000BC48B6 /* XCRemoteSwiftPackageReference "firebase-ios-sdk" */;
			productName = FirebaseCrashlytics;
		};
		50EB87162B9C3D8000BC48B6 /* FirebaseDatabase */ = {
			isa = XCSwiftPackageProductDependency;
			package = 50EB87032B9C3D8000BC48B6 /* XCRemoteSwiftPackageReference "firebase-ios-sdk" */;
			productName = FirebaseDatabase;
		};
		50EB87182B9C3D8000BC48B6 /* FirebaseDatabaseSwift */ = {
			isa = XCSwiftPackageProductDependency;
			package = 50EB87032B9C3D8000BC48B6 /* XCRemoteSwiftPackageReference "firebase-ios-sdk" */;
			productName = FirebaseDatabaseSwift;
		};
		50EB871A2B9C3D8000BC48B6 /* FirebaseDynamicLinks */ = {
			isa = XCSwiftPackageProductDependency;
			package = 50EB87032B9C3D8000BC48B6 /* XCRemoteSwiftPackageReference "firebase-ios-sdk" */;
			productName = FirebaseDynamicLinks;
		};
		50EB871C2B9C3D8000BC48B6 /* FirebaseFirestore */ = {
			isa = XCSwiftPackageProductDependency;
			package = 50EB87032B9C3D8000BC48B6 /* XCRemoteSwiftPackageReference "firebase-ios-sdk" */;
			productName = FirebaseFirestore;
		};
		50EB871E2B9C3D8000BC48B6 /* FirebaseFirestoreCombine-Community */ = {
			isa = XCSwiftPackageProductDependency;
			package = 50EB87032B9C3D8000BC48B6 /* XCRemoteSwiftPackageReference "firebase-ios-sdk" */;
			productName = "FirebaseFirestoreCombine-Community";
		};
		50EB87202B9C3D8000BC48B6 /* FirebaseFirestoreSwift */ = {
			isa = XCSwiftPackageProductDependency;
			package = 50EB87032B9C3D8000BC48B6 /* XCRemoteSwiftPackageReference "firebase-ios-sdk" */;
			productName = FirebaseFirestoreSwift;
		};
		50EB87222B9C3D8000BC48B6 /* FirebaseFunctions */ = {
			isa = XCSwiftPackageProductDependency;
			package = 50EB87032B9C3D8000BC48B6 /* XCRemoteSwiftPackageReference "firebase-ios-sdk" */;
			productName = FirebaseFunctions;
		};
		50EB87242B9C3D8000BC48B6 /* FirebaseFunctionsCombine-Community */ = {
			isa = XCSwiftPackageProductDependency;
			package = 50EB87032B9C3D8000BC48B6 /* XCRemoteSwiftPackageReference "firebase-ios-sdk" */;
			productName = "FirebaseFunctionsCombine-Community";
		};
		50EB87262B9C3D8000BC48B6 /* FirebaseInAppMessaging-Beta */ = {
			isa = XCSwiftPackageProductDependency;
			package = 50EB87032B9C3D8000BC48B6 /* XCRemoteSwiftPackageReference "firebase-ios-sdk" */;
			productName = "FirebaseInAppMessaging-Beta";
		};
		50EB87282B9C3D8000BC48B6 /* FirebaseInAppMessagingSwift-Beta */ = {
			isa = XCSwiftPackageProductDependency;
			package = 50EB87032B9C3D8000BC48B6 /* XCRemoteSwiftPackageReference "firebase-ios-sdk" */;
			productName = "FirebaseInAppMessagingSwift-Beta";
		};
		50EB872A2B9C3D8000BC48B6 /* FirebaseInstallations */ = {
			isa = XCSwiftPackageProductDependency;
			package = 50EB87032B9C3D8000BC48B6 /* XCRemoteSwiftPackageReference "firebase-ios-sdk" */;
			productName = FirebaseInstallations;
		};
		50EB872C2B9C3D8000BC48B6 /* FirebaseMLModelDownloader */ = {
			isa = XCSwiftPackageProductDependency;
			package = 50EB87032B9C3D8000BC48B6 /* XCRemoteSwiftPackageReference "firebase-ios-sdk" */;
			productName = FirebaseMLModelDownloader;
		};
		50EB872E2B9C3D8000BC48B6 /* FirebaseMessaging */ = {
			isa = XCSwiftPackageProductDependency;
			package = 50EB87032B9C3D8000BC48B6 /* XCRemoteSwiftPackageReference "firebase-ios-sdk" */;
			productName = FirebaseMessaging;
		};
		50EB87302B9C3D8000BC48B6 /* FirebasePerformance */ = {
			isa = XCSwiftPackageProductDependency;
			package = 50EB87032B9C3D8000BC48B6 /* XCRemoteSwiftPackageReference "firebase-ios-sdk" */;
			productName = FirebasePerformance;
		};
		50EB87322B9C3D8000BC48B6 /* FirebaseRemoteConfig */ = {
			isa = XCSwiftPackageProductDependency;
			package = 50EB87032B9C3D8000BC48B6 /* XCRemoteSwiftPackageReference "firebase-ios-sdk" */;
			productName = FirebaseRemoteConfig;
		};
		50EB87342B9C3D8000BC48B6 /* FirebaseRemoteConfigSwift */ = {
			isa = XCSwiftPackageProductDependency;
			package = 50EB87032B9C3D8000BC48B6 /* XCRemoteSwiftPackageReference "firebase-ios-sdk" */;
			productName = FirebaseRemoteConfigSwift;
		};
		50EB87362B9C3D8000BC48B6 /* FirebaseStorage */ = {
			isa = XCSwiftPackageProductDependency;
			package = 50EB87032B9C3D8000BC48B6 /* XCRemoteSwiftPackageReference "firebase-ios-sdk" */;
			productName = FirebaseStorage;
		};
		50EB87382B9C3D8000BC48B6 /* FirebaseStorageCombine-Community */ = {
			isa = XCSwiftPackageProductDependency;
			package = 50EB87032B9C3D8000BC48B6 /* XCRemoteSwiftPackageReference "firebase-ios-sdk" */;
			productName = "FirebaseStorageCombine-Community";
		};
/* End XCSwiftPackageProductDependency section */
	};
	rootObject = 50EB86C42B9C2A1C00BC48B6 /* Project object */;
}
