// !$*UTF8*$!
{
	archiveVersion = 1;
	classes = {
	};
	objectVersion = 56;
	objects = {

/* Begin PBXBuildFile section */
		50EB86D02B9C2A1C00BC48B6 /* EveneApp.swift in Sources */ = {isa = PBXBuildFile; fileRef = 50EB86CF2B9C2A1C00BC48B6 /* EveneApp.swift */; };
		50EB86D22B9C2A1C00BC48B6 /* ContentView.swift in Sources */ = {isa = PBXBuildFile; fileRef = 50EB86D12B9C2A1C00BC48B6 /* ContentView.swift */; };
		50EB86D42B9C2A1E00BC48B6 /* Assets.xcassets in Resources */ = {isa = PBXBuildFile; fileRef = 50EB86D32B9C2A1E00BC48B6 /* Assets.xcassets */; };
		50EB86D72B9C2A1E00BC48B6 /* Preview Assets.xcassets in Resources */ = {isa = PBXBuildFile; fileRef = 50EB86D62B9C2A1E00BC48B6 /* Preview Assets.xcassets */; };
		50EB86E12B9C306800BC48B6 /* HomeScreen.swift in Sources */ = {isa = PBXBuildFile; fileRef = 50EB86E02B9C306800BC48B6 /* HomeScreen.swift */; };
		50EB86E32B9C309400BC48B6 /* EventDetailsScreen.swift in Sources */ = {isa = PBXBuildFile; fileRef = 50EB86E22B9C309400BC48B6 /* EventDetailsScreen.swift */; };
		50EB86E52B9C30B700BC48B6 /* LoginScreen.swift in Sources */ = {isa = PBXBuildFile; fileRef = 50EB86E42B9C30B700BC48B6 /* LoginScreen.swift */; };
		50EB86E72B9C30C800BC48B6 /* SignUpScreen.swift in Sources */ = {isa = PBXBuildFile; fileRef = 50EB86E62B9C30C800BC48B6 /* SignUpScreen.swift */; };
		50EB86E92B9C310200BC48B6 /* UserProfileScreen.swift in Sources */ = {isa = PBXBuildFile; fileRef = 50EB86E82B9C310200BC48B6 /* UserProfileScreen.swift */; };
		50EB86EF2B9C334100BC48B6 /* OtherUserProfileScreen.swift in Sources */ = {isa = PBXBuildFile; fileRef = 50EB86EE2B9C334100BC48B6 /* OtherUserProfileScreen.swift */; };
		50EB86F12B9C335200BC48B6 /* MyFriendListScreen.swift in Sources */ = {isa = PBXBuildFile; fileRef = 50EB86F02B9C335200BC48B6 /* MyFriendListScreen.swift */; };
		50EB86F32B9C335F00BC48B6 /* MyEventsScreen.swift in Sources */ = {isa = PBXBuildFile; fileRef = 50EB86F22B9C335F00BC48B6 /* MyEventsScreen.swift */; };
		50EB86F52B9C38EE00BC48B6 /* AddFriendScreen.swift in Sources */ = {isa = PBXBuildFile; fileRef = 50EB86F42B9C38EE00BC48B6 /* AddFriendScreen.swift */; };
		50EB86F72B9C3BD600BC48B6 /* GoogleService-Info.plist in Resources */ = {isa = PBXBuildFile; fileRef = 50EB86F62B9C3BD600BC48B6 /* GoogleService-Info.plist */; };
/* End PBXBuildFile section */

/* Begin PBXFileReference section */
		50EB86CC2B9C2A1C00BC48B6 /* Evene.app */ = {isa = PBXFileReference; explicitFileType = wrapper.application; includeInIndex = 0; path = Evene.app; sourceTree = BUILT_PRODUCTS_DIR; };
		50EB86CF2B9C2A1C00BC48B6 /* EveneApp.swift */ = {isa = PBXFileReference; lastKnownFileType = sourcecode.swift; path = EveneApp.swift; sourceTree = "<group>"; };
		50EB86D12B9C2A1C00BC48B6 /* ContentView.swift */ = {isa = PBXFileReference; lastKnownFileType = sourcecode.swift; path = ContentView.swift; sourceTree = "<group>"; };
		50EB86D32B9C2A1E00BC48B6 /* Assets.xcassets */ = {isa = PBXFileReference; lastKnownFileType = folder.assetcatalog; path = Assets.xcassets; sourceTree = "<group>"; };
		50EB86D62B9C2A1E00BC48B6 /* Preview Assets.xcassets */ = {isa = PBXFileReference; lastKnownFileType = folder.assetcatalog; path = "Preview Assets.xcassets"; sourceTree = "<group>"; };
		50EB86E02B9C306800BC48B6 /* HomeScreen.swift */ = {isa = PBXFileReference; lastKnownFileType = sourcecode.swift; path = HomeScreen.swift; sourceTree = "<group>"; };
		50EB86E22B9C309400BC48B6 /* EventDetailsScreen.swift */ = {isa = PBXFileReference; lastKnownFileType = sourcecode.swift; path = EventDetailsScreen.swift; sourceTree = "<group>"; };
		50EB86E42B9C30B700BC48B6 /* LoginScreen.swift */ = {isa = PBXFileReference; lastKnownFileType = sourcecode.swift; path = LoginScreen.swift; sourceTree = "<group>"; };
		50EB86E62B9C30C800BC48B6 /* SignUpScreen.swift */ = {isa = PBXFileReference; lastKnownFileType = sourcecode.swift; path = SignUpScreen.swift; sourceTree = "<group>"; };
		50EB86E82B9C310200BC48B6 /* UserProfileScreen.swift */ = {isa = PBXFileReference; lastKnownFileType = sourcecode.swift; path = UserProfileScreen.swift; sourceTree = "<group>"; };
		50EB86EE2B9C334100BC48B6 /* OtherUserProfileScreen.swift */ = {isa = PBXFileReference; lastKnownFileType = sourcecode.swift; path = OtherUserProfileScreen.swift; sourceTree = "<group>"; };
		50EB86F02B9C335200BC48B6 /* MyFriendListScreen.swift */ = {isa = PBXFileReference; lastKnownFileType = sourcecode.swift; path = MyFriendListScreen.swift; sourceTree = "<group>"; };
		50EB86F22B9C335F00BC48B6 /* MyEventsScreen.swift */ = {isa = PBXFileReference; lastKnownFileType = sourcecode.swift; path = MyEventsScreen.swift; sourceTree = "<group>"; };
		50EB86F42B9C38EE00BC48B6 /* AddFriendScreen.swift */ = {isa = PBXFileReference; lastKnownFileType = sourcecode.swift; path = AddFriendScreen.swift; sourceTree = "<group>"; };
		50EB86F62B9C3BD600BC48B6 /* GoogleService-Info.plist */ = {isa = PBXFileReference; fileEncoding = 4; lastKnownFileType = text.plist.xml; path = "GoogleService-Info.plist"; sourceTree = "<group>"; };
/* End PBXFileReference section */

/* Begin PBXFrameworksBuildPhase section */
		50EB86C92B9C2A1C00BC48B6 /* Frameworks */ = {
			isa = PBXFrameworksBuildPhase;
			buildActionMask = 2147483647;
			files = (
			);
			runOnlyForDeploymentPostprocessing = 0;
		};
/* End PBXFrameworksBuildPhase section */

/* Begin PBXGroup section */
		50EB86C32B9C2A1C00BC48B6 = {
			isa = PBXGroup;
			children = (
				50EB86CE2B9C2A1C00BC48B6 /* Evene */,
				50EB86CD2B9C2A1C00BC48B6 /* Products */,
			);
			sourceTree = "<group>";
		};
		50EB86CD2B9C2A1C00BC48B6 /* Products */ = {
			isa = PBXGroup;
			children = (
				50EB86CC2B9C2A1C00BC48B6 /* Evene.app */,
			);
			name = Products;
			sourceTree = "<group>";
		};
		50EB86CE2B9C2A1C00BC48B6 /* Evene */ = {
			isa = PBXGroup;
			children = (
				50EB86F62B9C3BD600BC48B6 /* GoogleService-Info.plist */,
				50EB86DF2B9C2BBD00BC48B6 /* Controllers */,
				50EB86DE2B9C2BB600BC48B6 /* Models */,
				50EB86DD2B9C2BAF00BC48B6 /* Views */,
				50EB86CF2B9C2A1C00BC48B6 /* EveneApp.swift */,
				50EB86D12B9C2A1C00BC48B6 /* ContentView.swift */,
				50EB86D32B9C2A1E00BC48B6 /* Assets.xcassets */,
				50EB86D52B9C2A1E00BC48B6 /* Preview Content */,
			);
			path = Evene;
			sourceTree = "<group>";
		};
		50EB86D52B9C2A1E00BC48B6 /* Preview Content */ = {
			isa = PBXGroup;
			children = (
				50EB86D62B9C2A1E00BC48B6 /* Preview Assets.xcassets */,
			);
			path = "Preview Content";
			sourceTree = "<group>";
		};
		50EB86DD2B9C2BAF00BC48B6 /* Views */ = {
			isa = PBXGroup;
			children = (
				50EB86E02B9C306800BC48B6 /* HomeScreen.swift */,
				50EB86E22B9C309400BC48B6 /* EventDetailsScreen.swift */,
				50EB86E42B9C30B700BC48B6 /* LoginScreen.swift */,
				50EB86E62B9C30C800BC48B6 /* SignUpScreen.swift */,
				50EB86E82B9C310200BC48B6 /* UserProfileScreen.swift */,
				50EB86EE2B9C334100BC48B6 /* OtherUserProfileScreen.swift */,
				50EB86F02B9C335200BC48B6 /* MyFriendListScreen.swift */,
				50EB86F22B9C335F00BC48B6 /* MyEventsScreen.swift */,
				50EB86F42B9C38EE00BC48B6 /* AddFriendScreen.swift */,
			);
			path = Views;
			sourceTree = "<group>";
		};
		50EB86DE2B9C2BB600BC48B6 /* Models */ = {
			isa = PBXGroup;
			children = (
			);
			path = Models;
			sourceTree = "<group>";
		};
		50EB86DF2B9C2BBD00BC48B6 /* Controllers */ = {
			isa = PBXGroup;
			children = (
			);
			path = Controllers;
			sourceTree = "<group>";
		};
/* End PBXGroup section */

/* Begin PBXNativeTarget section */
		50EB86CB2B9C2A1C00BC48B6 /* Evene */ = {
			isa = PBXNativeTarget;
			buildConfigurationList = 50EB86DA2B9C2A1E00BC48B6 /* Build configuration list for PBXNativeTarget "Evene" */;
			buildPhases = (
				50EB86C82B9C2A1C00BC48B6 /* Sources */,
				50EB86C92B9C2A1C00BC48B6 /* Frameworks */,
				50EB86CA2B9C2A1C00BC48B6 /* Resources */,
			);
			buildRules = (
			);
			dependencies = (
			);
			name = Evene;
			productName = Evene;
			productReference = 50EB86CC2B9C2A1C00BC48B6 /* Evene.app */;
			productType = "com.apple.product-type.application";
		};
/* End PBXNativeTarget section */

/* Begin PBXProject section */
		50EB86C42B9C2A1C00BC48B6 /* Project object */ = {
			isa = PBXProject;
			attributes = {
				BuildIndependentTargetsInParallel = 1;
				LastSwiftUpdateCheck = 1510;
				LastUpgradeCheck = 1510;
				TargetAttributes = {
					50EB86CB2B9C2A1C00BC48B6 = {
						CreatedOnToolsVersion = 15.1;
					};
				};
			};
			buildConfigurationList = 50EB86C72B9C2A1C00BC48B6 /* Build configuration list for PBXProject "Evene" */;
			compatibilityVersion = "Xcode 14.0";
			developmentRegion = en;
			hasScannedForEncodings = 0;
			knownRegions = (
				en,
				Base,
			);
			mainGroup = 50EB86C32B9C2A1C00BC48B6;
			productRefGroup = 50EB86CD2B9C2A1C00BC48B6 /* Products */;
			projectDirPath = "";
			projectRoot = "";
			targets = (
				50EB86CB2B9C2A1C00BC48B6 /* Evene */,
			);
		};
/* End PBXProject section */

/* Begin PBXResourcesBuildPhase section */
		50EB86CA2B9C2A1C00BC48B6 /* Resources */ = {
			isa = PBXResourcesBuildPhase;
			buildActionMask = 2147483647;
			files = (
				50EB86D72B9C2A1E00BC48B6 /* Preview Assets.xcassets in Resources */,
				50EB86D42B9C2A1E00BC48B6 /* Assets.xcassets in Resources */,
				50EB86F72B9C3BD600BC48B6 /* GoogleService-Info.plist in Resources */,
			);
			runOnlyForDeploymentPostprocessing = 0;
		};
/* End PBXResourcesBuildPhase section */

/* Begin PBXSourcesBuildPhase section */
		50EB86C82B9C2A1C00BC48B6 /* Sources */ = {
			isa = PBXSourcesBuildPhase;
			buildActionMask = 2147483647;
			files = (
				50EB86F32B9C335F00BC48B6 /* MyEventsScreen.swift in Sources */,
				50EB86E92B9C310200BC48B6 /* UserProfileScreen.swift in Sources */,
				50EB86EF2B9C334100BC48B6 /* OtherUserProfileScreen.swift in Sources */,
				50EB86D22B9C2A1C00BC48B6 /* ContentView.swift in Sources */,
				50EB86D02B9C2A1C00BC48B6 /* EveneApp.swift in Sources */,
				50EB86F12B9C335200BC48B6 /* MyFriendListScreen.swift in Sources */,
				50EB86F52B9C38EE00BC48B6 /* AddFriendScreen.swift in Sources */,
				50EB86E12B9C306800BC48B6 /* HomeScreen.swift in Sources */,
				50EB86E32B9C309400BC48B6 /* EventDetailsScreen.swift in Sources */,
				50EB86E52B9C30B700BC48B6 /* LoginScreen.swift in Sources */,
				50EB86E72B9C30C800BC48B6 /* SignUpScreen.swift in Sources */,
			);
			runOnlyForDeploymentPostprocessing = 0;
		};
/* End PBXSourcesBuildPhase section */

/* Begin XCBuildConfiguration section */
		50EB86D82B9C2A1E00BC48B6 /* Debug */ = {
			isa = XCBuildConfiguration;
			buildSettings = {
				ALWAYS_SEARCH_USER_PATHS = NO;
				ASSETCATALOG_COMPILER_GENERATE_SWIFT_ASSET_SYMBOL_EXTENSIONS = YES;
				CLANG_ANALYZER_NONNULL = YES;
				CLANG_ANALYZER_NUMBER_OBJECT_CONVERSION = YES_AGGRESSIVE;
				CLANG_CXX_LANGUAGE_STANDARD = "gnu++20";
				CLANG_ENABLE_MODULES = YES;
				CLANG_ENABLE_OBJC_ARC = YES;
				CLANG_ENABLE_OBJC_WEAK = YES;
				CLANG_WARN_BLOCK_CAPTURE_AUTORELEASING = YES;
				CLANG_WARN_BOOL_CONVERSION = YES;
				CLANG_WARN_COMMA = YES;
				CLANG_WARN_CONSTANT_CONVERSION = YES;
				CLANG_WARN_DEPRECATED_OBJC_IMPLEMENTATIONS = YES;
				CLANG_WARN_DIRECT_OBJC_ISA_USAGE = YES_ERROR;
				CLANG_WARN_DOCUMENTATION_COMMENTS = YES;
				CLANG_WARN_EMPTY_BODY = YES;
				CLANG_WARN_ENUM_CONVERSION = YES;
				CLANG_WARN_INFINITE_RECURSION = YES;
				CLANG_WARN_INT_CONVERSION = YES;
				CLANG_WARN_NON_LITERAL_NULL_CONVERSION = YES;
				CLANG_WARN_OBJC_IMPLICIT_RETAIN_SELF = YES;
				CLANG_WARN_OBJC_LITERAL_CONVERSION = YES;
				CLANG_WARN_OBJC_ROOT_CLASS = YES_ERROR;
				CLANG_WARN_QUOTED_INCLUDE_IN_FRAMEWORK_HEADER = YES;
				CLANG_WARN_RANGE_LOOP_ANALYSIS = YES;
				CLANG_WARN_STRICT_PROTOTYPES = YES;
				CLANG_WARN_SUSPICIOUS_MOVE = YES;
				CLANG_WARN_UNGUARDED_AVAILABILITY = YES_AGGRESSIVE;
				CLANG_WARN_UNREACHABLE_CODE = YES;
				CLANG_WARN__DUPLICATE_METHOD_MATCH = YES;
				COPY_PHASE_STRIP = NO;
				DEBUG_INFORMATION_FORMAT = dwarf;
				ENABLE_STRICT_OBJC_MSGSEND = YES;
				ENABLE_TESTABILITY = YES;
				ENABLE_USER_SCRIPT_SANDBOXING = YES;
				GCC_C_LANGUAGE_STANDARD = gnu17;
				GCC_DYNAMIC_NO_PIC = NO;
				GCC_NO_COMMON_BLOCKS = YES;
				GCC_OPTIMIZATION_LEVEL = 0;
				GCC_PREPROCESSOR_DEFINITIONS = (
					"DEBUG=1",
					"$(inherited)",
				);
				GCC_WARN_64_TO_32_BIT_CONVERSION = YES;
				GCC_WARN_ABOUT_RETURN_TYPE = YES_ERROR;
				GCC_WARN_UNDECLARED_SELECTOR = YES;
				GCC_WARN_UNINITIALIZED_AUTOS = YES_AGGRESSIVE;
				GCC_WARN_UNUSED_FUNCTION = YES;
				GCC_WARN_UNUSED_VARIABLE = YES;
				IPHONEOS_DEPLOYMENT_TARGET = 17.2;
				LOCALIZATION_PREFERS_STRING_CATALOGS = YES;
				MTL_ENABLE_DEBUG_INFO = INCLUDE_SOURCE;
				MTL_FAST_MATH = YES;
				ONLY_ACTIVE_ARCH = YES;
				SDKROOT = iphoneos;
				SWIFT_ACTIVE_COMPILATION_CONDITIONS = "DEBUG $(inherited)";
				SWIFT_OPTIMIZATION_LEVEL = "-Onone";
			};
			name = Debug;
		};
		50EB86D92B9C2A1E00BC48B6 /* Release */ = {
			isa = XCBuildConfiguration;
			buildSettings = {
				ALWAYS_SEARCH_USER_PATHS = NO;
				ASSETCATALOG_COMPILER_GENERATE_SWIFT_ASSET_SYMBOL_EXTENSIONS = YES;
				CLANG_ANALYZER_NONNULL = YES;
				CLANG_ANALYZER_NUMBER_OBJECT_CONVERSION = YES_AGGRESSIVE;
				CLANG_CXX_LANGUAGE_STANDARD = "gnu++20";
				CLANG_ENABLE_MODULES = YES;
				CLANG_ENABLE_OBJC_ARC = YES;
				CLANG_ENABLE_OBJC_WEAK = YES;
				CLANG_WARN_BLOCK_CAPTURE_AUTORELEASING = YES;
				CLANG_WARN_BOOL_CONVERSION = YES;
				CLANG_WARN_COMMA = YES;
				CLANG_WARN_CONSTANT_CONVERSION = YES;
				CLANG_WARN_DEPRECATED_OBJC_IMPLEMENTATIONS = YES;
				CLANG_WARN_DIRECT_OBJC_ISA_USAGE = YES_ERROR;
				CLANG_WARN_DOCUMENTATION_COMMENTS = YES;
				CLANG_WARN_EMPTY_BODY = YES;
				CLANG_WARN_ENUM_CONVERSION = YES;
				CLANG_WARN_INFINITE_RECURSION = YES;
				CLANG_WARN_INT_CONVERSION = YES;
				CLANG_WARN_NON_LITERAL_NULL_CONVERSION = YES;
				CLANG_WARN_OBJC_IMPLICIT_RETAIN_SELF = YES;
				CLANG_WARN_OBJC_LITERAL_CONVERSION = YES;
				CLANG_WARN_OBJC_ROOT_CLASS = YES_ERROR;
				CLANG_WARN_QUOTED_INCLUDE_IN_FRAMEWORK_HEADER = YES;
				CLANG_WARN_RANGE_LOOP_ANALYSIS = YES;
				CLANG_WARN_STRICT_PROTOTYPES = YES;
				CLANG_WARN_SUSPICIOUS_MOVE = YES;
				CLANG_WARN_UNGUARDED_AVAILABILITY = YES_AGGRESSIVE;
				CLANG_WARN_UNREACHABLE_CODE = YES;
				CLANG_WARN__DUPLICATE_METHOD_MATCH = YES;
				COPY_PHASE_STRIP = NO;
				DEBUG_INFORMATION_FORMAT = "dwarf-with-dsym";
				ENABLE_NS_ASSERTIONS = NO;
				ENABLE_STRICT_OBJC_MSGSEND = YES;
				ENABLE_USER_SCRIPT_SANDBOXING = YES;
				GCC_C_LANGUAGE_STANDARD = gnu17;
				GCC_NO_COMMON_BLOCKS = YES;
				GCC_WARN_64_TO_32_BIT_CONVERSION = YES;
				GCC_WARN_ABOUT_RETURN_TYPE = YES_ERROR;
				GCC_WARN_UNDECLARED_SELECTOR = YES;
				GCC_WARN_UNINITIALIZED_AUTOS = YES_AGGRESSIVE;
				GCC_WARN_UNUSED_FUNCTION = YES;
				GCC_WARN_UNUSED_VARIABLE = YES;
				IPHONEOS_DEPLOYMENT_TARGET = 17.2;
				LOCALIZATION_PREFERS_STRING_CATALOGS = YES;
				MTL_ENABLE_DEBUG_INFO = NO;
				MTL_FAST_MATH = YES;
				SDKROOT = iphoneos;
				SWIFT_COMPILATION_MODE = wholemodule;
				VALIDATE_PRODUCT = YES;
			};
			name = Release;
		};
		50EB86DB2B9C2A1E00BC48B6 /* Debug */ = {
			isa = XCBuildConfiguration;
			buildSettings = {
				ASSETCATALOG_COMPILER_APPICON_NAME = AppIcon;
				ASSETCATALOG_COMPILER_GLOBAL_ACCENT_COLOR_NAME = AccentColor;
				CODE_SIGN_STYLE = Automatic;
				CURRENT_PROJECT_VERSION = 1;
				DEVELOPMENT_ASSET_PATHS = "\"Evene/Preview Content\"";
				DEVELOPMENT_TEAM = 827JZHP663;
				ENABLE_PREVIEWS = YES;
				GENERATE_INFOPLIST_FILE = YES;
				INFOPLIST_KEY_UIApplicationSceneManifest_Generation = YES;
				INFOPLIST_KEY_UIApplicationSupportsIndirectInputEvents = YES;
				INFOPLIST_KEY_UILaunchScreen_Generation = YES;
				INFOPLIST_KEY_UISupportedInterfaceOrientations_iPad = "UIInterfaceOrientationPortrait UIInterfaceOrientationPortraitUpsideDown UIInterfaceOrientationLandscapeLeft UIInterfaceOrientationLandscapeRight";
				INFOPLIST_KEY_UISupportedInterfaceOrientations_iPhone = "UIInterfaceOrientationPortrait UIInterfaceOrientationLandscapeLeft UIInterfaceOrientationLandscapeRight";
				LD_RUNPATH_SEARCH_PATHS = (
					"$(inherited)",
					"@executable_path/Frameworks",
				);
				MARKETING_VERSION = 1.0;
				PRODUCT_BUNDLE_IDENTIFIER = com.gbc.Evene;
				PRODUCT_NAME = "$(TARGET_NAME)";
				SWIFT_EMIT_LOC_STRINGS = YES;
				SWIFT_VERSION = 5.0;
				TARGETED_DEVICE_FAMILY = "1,2";
			};
			name = Debug;
		};
		50EB86DC2B9C2A1E00BC48B6 /* Release */ = {
			isa = XCBuildConfiguration;
			buildSettings = {
				ASSETCATALOG_COMPILER_APPICON_NAME = AppIcon;
				ASSETCATALOG_COMPILER_GLOBAL_ACCENT_COLOR_NAME = AccentColor;
				CODE_SIGN_STYLE = Automatic;
				CURRENT_PROJECT_VERSION = 1;
				DEVELOPMENT_ASSET_PATHS = "\"Evene/Preview Content\"";
				DEVELOPMENT_TEAM = 827JZHP663;
				ENABLE_PREVIEWS = YES;
				GENERATE_INFOPLIST_FILE = YES;
				INFOPLIST_KEY_UIApplicationSceneManifest_Generation = YES;
				INFOPLIST_KEY_UIApplicationSupportsIndirectInputEvents = YES;
				INFOPLIST_KEY_UILaunchScreen_Generation = YES;
				INFOPLIST_KEY_UISupportedInterfaceOrientations_iPad = "UIInterfaceOrientationPortrait UIInterfaceOrientationPortraitUpsideDown UIInterfaceOrientationLandscapeLeft UIInterfaceOrientationLandscapeRight";
				INFOPLIST_KEY_UISupportedInterfaceOrientations_iPhone = "UIInterfaceOrientationPortrait UIInterfaceOrientationLandscapeLeft UIInterfaceOrientationLandscapeRight";
				LD_RUNPATH_SEARCH_PATHS = (
					"$(inherited)",
					"@executable_path/Frameworks",
				);
				MARKETING_VERSION = 1.0;
				PRODUCT_BUNDLE_IDENTIFIER = com.gbc.Evene;
				PRODUCT_NAME = "$(TARGET_NAME)";
				SWIFT_EMIT_LOC_STRINGS = YES;
				SWIFT_VERSION = 5.0;
				TARGETED_DEVICE_FAMILY = "1,2";
			};
			name = Release;
		};
/* End XCBuildConfiguration section */

/* Begin XCConfigurationList section */
		50EB86C72B9C2A1C00BC48B6 /* Build configuration list for PBXProject "Evene" */ = {
			isa = XCConfigurationList;
			buildConfigurations = (
				50EB86D82B9C2A1E00BC48B6 /* Debug */,
				50EB86D92B9C2A1E00BC48B6 /* Release */,
			);
			defaultConfigurationIsVisible = 0;
			defaultConfigurationName = Release;
		};
		50EB86DA2B9C2A1E00BC48B6 /* Build configuration list for PBXNativeTarget "Evene" */ = {
			isa = XCConfigurationList;
			buildConfigurations = (
				50EB86DB2B9C2A1E00BC48B6 /* Debug */,
				50EB86DC2B9C2A1E00BC48B6 /* Release */,
			);
			defaultConfigurationIsVisible = 0;
			defaultConfigurationName = Release;
		};
/* End XCConfigurationList section */
	};
	rootObject = 50EB86C42B9C2A1C00BC48B6 /* Project object */;
}
